// !$*UTF8*$!
{
	archiveVersion = 1;
	classes = {
	};
	objectVersion = 50;
	objects = {

/* Begin PBXBuildFile section */
		4DB802F096A2F8F2F51D5E72 /* libPods-ZZDigidentityTests.a in Frameworks */ = {isa = PBXBuildFile; fileRef = F1BFE6D9CF5F3255D87927CC /* libPods-ZZDigidentityTests.a */; };
		56CBB164E7A24A56F8B9B90F /* libPods-ZZDigidentity.a in Frameworks */ = {isa = PBXBuildFile; fileRef = B5136C33A2F8FAE804B42564 /* libPods-ZZDigidentity.a */; };
		8D0262ED225A71C9004B605A /* ItemTableViewCell.swift in Sources */ = {isa = PBXBuildFile; fileRef = 8D0262EB225A71C9004B605A /* ItemTableViewCell.swift */; };
		8D1B84A42258AD5100B34569 /* AppDelegate.swift in Sources */ = {isa = PBXBuildFile; fileRef = 8D1B84A32258AD5100B34569 /* AppDelegate.swift */; };
		8D1B84AB2258AD5300B34569 /* Assets.xcassets in Resources */ = {isa = PBXBuildFile; fileRef = 8D1B84AA2258AD5300B34569 /* Assets.xcassets */; };
		8D1B84AE2258AD5300B34569 /* LaunchScreen.storyboard in Resources */ = {isa = PBXBuildFile; fileRef = 8D1B84AC2258AD5300B34569 /* LaunchScreen.storyboard */; };
		8D1B84B92258AD5300B34569 /* ZZDigidentityTests.swift in Sources */ = {isa = PBXBuildFile; fileRef = 8D1B84B82258AD5300B34569 /* ZZDigidentityTests.swift */; };
		8D1B84C62258B8BD00B34569 /* CatalogueScreenViewController.swift in Sources */ = {isa = PBXBuildFile; fileRef = 8D1B84C42258B8BD00B34569 /* CatalogueScreenViewController.swift */; };
		8D1B84CB2258BF4800B34569 /* NetworkManager.swift in Sources */ = {isa = PBXBuildFile; fileRef = 8D1B84CA2258BF4800B34569 /* NetworkManager.swift */; };
		8D1B84CE2258D4AF00B34569 /* RequestManager.swift in Sources */ = {isa = PBXBuildFile; fileRef = 8D1B84CD2258D4AF00B34569 /* RequestManager.swift */; };
		8D1B84D22258D72F00B34569 /* NetworkingObjects.swift in Sources */ = {isa = PBXBuildFile; fileRef = 8D1B84D12258D72F00B34569 /* NetworkingObjects.swift */; };
		8D1B84D52258DAF800B34569 /* MockNetworkingObjects.swift in Sources */ = {isa = PBXBuildFile; fileRef = 8D1B84D42258DAF800B34569 /* MockNetworkingObjects.swift */; };
		8D1B84D72258DDEB00B34569 /* NetworkingTests.swift in Sources */ = {isa = PBXBuildFile; fileRef = 8D1B84D62258DDEB00B34569 /* NetworkingTests.swift */; };
		8D1B84D92259062400B34569 /* URLBuilder.swift in Sources */ = {isa = PBXBuildFile; fileRef = 8D1B84D82259062400B34569 /* URLBuilder.swift */; };
		8D1B84DB22590CF700B34569 /* URLBuilderTests.swift in Sources */ = {isa = PBXBuildFile; fileRef = 8D1B84DA22590CF700B34569 /* URLBuilderTests.swift */; };
		8D1B84DE2259189A00B34569 /* Dependencies.swift in Sources */ = {isa = PBXBuildFile; fileRef = 8D1B84DD2259189A00B34569 /* Dependencies.swift */; };
		8D84443A2259E62900BEA6D1 /* NetworkAuthenticationManager.swift in Sources */ = {isa = PBXBuildFile; fileRef = 8D8444392259E62900BEA6D1 /* NetworkAuthenticationManager.swift */; };
		8D84443C2259F19300BEA6D1 /* NetworkAuthenticationManagerTests.swift in Sources */ = {isa = PBXBuildFile; fileRef = 8D84443B2259F19300BEA6D1 /* NetworkAuthenticationManagerTests.swift */; };
		8D844440225A01EF00BEA6D1 /* TLSValidator.m in Sources */ = {isa = PBXBuildFile; fileRef = 8D84443F225A01EF00BEA6D1 /* TLSValidator.m */; };
		8D844443225A03D600BEA6D1 /* URLSessionCertificateValidator.swift in Sources */ = {isa = PBXBuildFile; fileRef = 8D844442225A03D600BEA6D1 /* URLSessionCertificateValidator.swift */; };
		8D84444D225A129900BEA6D1 /* certificate.cer in Resources */ = {isa = PBXBuildFile; fileRef = 8D84444C225A129900BEA6D1 /* certificate.cer */; };
		8D84444F225A145E00BEA6D1 /* RequestManagerTests.swift in Sources */ = {isa = PBXBuildFile; fileRef = 8D84444E225A145E00BEA6D1 /* RequestManagerTests.swift */; };
		8D844452225A392400BEA6D1 /* APIItem.swift in Sources */ = {isa = PBXBuildFile; fileRef = 8D844451225A392400BEA6D1 /* APIItem.swift */; };
		8D844454225A3ED300BEA6D1 /* CatalogueScreenTableViewDelegate.swift in Sources */ = {isa = PBXBuildFile; fileRef = 8D844453225A3ED300BEA6D1 /* CatalogueScreenTableViewDelegate.swift */; };
		8D844456225A3F3D00BEA6D1 /* CatalogueScreenDataSource.swift in Sources */ = {isa = PBXBuildFile; fileRef = 8D844455225A3F3D00BEA6D1 /* CatalogueScreenDataSource.swift */; };
		8DA8CA4B225A7C2B004DF2A5 /* CatalogueScreenViewController.storyboard in Resources */ = {isa = PBXBuildFile; fileRef = 8DA8CA4A225A7C2B004DF2A5 /* CatalogueScreenViewController.storyboard */; };
		8DA8CA4D225A8B77004DF2A5 /* LoaderCell.swift in Sources */ = {isa = PBXBuildFile; fileRef = 8DA8CA4C225A8B77004DF2A5 /* LoaderCell.swift */; };
		8DA8CA4F225A8CCE004DF2A5 /* EndCell.swift in Sources */ = {isa = PBXBuildFile; fileRef = 8DA8CA4E225A8CCE004DF2A5 /* EndCell.swift */; };
		8DA8CA59225A9B4D004DF2A5 /* ItemsDiskStorage.swift in Sources */ = {isa = PBXBuildFile; fileRef = 8DA8CA58225A9B4D004DF2A5 /* ItemsDiskStorage.swift */; };
		8DAAC686225BD9FA002B0289 /* ItemsDataSource.swift in Sources */ = {isa = PBXBuildFile; fileRef = 8DAAC685225BD9FA002B0289 /* ItemsDataSource.swift */; };
/* End PBXBuildFile section */

/* Begin PBXContainerItemProxy section */
		8D1B84B52258AD5300B34569 /* PBXContainerItemProxy */ = {
			isa = PBXContainerItemProxy;
			containerPortal = 8D1B84982258AD5100B34569 /* Project object */;
			proxyType = 1;
			remoteGlobalIDString = 8D1B849F2258AD5100B34569;
			remoteInfo = ZZDigidentity;
		};
/* End PBXContainerItemProxy section */

/* Begin PBXFileReference section */
		568A6255A35F5AC6D08719A7 /* Pods-ZZDigidentity.debug.xcconfig */ = {isa = PBXFileReference; includeInIndex = 1; lastKnownFileType = text.xcconfig; name = "Pods-ZZDigidentity.debug.xcconfig"; path = "Target Support Files/Pods-ZZDigidentity/Pods-ZZDigidentity.debug.xcconfig"; sourceTree = "<group>"; };
		8D0262EB225A71C9004B605A /* ItemTableViewCell.swift */ = {isa = PBXFileReference; lastKnownFileType = sourcecode.swift; path = ItemTableViewCell.swift; sourceTree = "<group>"; };
		8D1B84A02258AD5100B34569 /* ZZDigidentity.app */ = {isa = PBXFileReference; explicitFileType = wrapper.application; includeInIndex = 0; path = ZZDigidentity.app; sourceTree = BUILT_PRODUCTS_DIR; };
		8D1B84A32258AD5100B34569 /* AppDelegate.swift */ = {isa = PBXFileReference; lastKnownFileType = sourcecode.swift; path = AppDelegate.swift; sourceTree = "<group>"; };
		8D1B84AA2258AD5300B34569 /* Assets.xcassets */ = {isa = PBXFileReference; lastKnownFileType = folder.assetcatalog; path = Assets.xcassets; sourceTree = "<group>"; };
		8D1B84AD2258AD5300B34569 /* Base */ = {isa = PBXFileReference; lastKnownFileType = file.storyboard; name = Base; path = Base.lproj/LaunchScreen.storyboard; sourceTree = "<group>"; };
		8D1B84AF2258AD5300B34569 /* Info.plist */ = {isa = PBXFileReference; lastKnownFileType = text.plist.xml; path = Info.plist; sourceTree = "<group>"; };
		8D1B84B42258AD5300B34569 /* ZZDigidentityTests.xctest */ = {isa = PBXFileReference; explicitFileType = wrapper.cfbundle; includeInIndex = 0; path = ZZDigidentityTests.xctest; sourceTree = BUILT_PRODUCTS_DIR; };
		8D1B84B82258AD5300B34569 /* ZZDigidentityTests.swift */ = {isa = PBXFileReference; lastKnownFileType = sourcecode.swift; path = ZZDigidentityTests.swift; sourceTree = "<group>"; };
		8D1B84BA2258AD5300B34569 /* Info.plist */ = {isa = PBXFileReference; lastKnownFileType = text.plist.xml; path = Info.plist; sourceTree = "<group>"; };
		8D1B84C42258B8BD00B34569 /* CatalogueScreenViewController.swift */ = {isa = PBXFileReference; lastKnownFileType = sourcecode.swift; path = CatalogueScreenViewController.swift; sourceTree = "<group>"; };
		8D1B84CA2258BF4800B34569 /* NetworkManager.swift */ = {isa = PBXFileReference; lastKnownFileType = sourcecode.swift; path = NetworkManager.swift; sourceTree = "<group>"; };
		8D1B84CD2258D4AF00B34569 /* RequestManager.swift */ = {isa = PBXFileReference; lastKnownFileType = sourcecode.swift; path = RequestManager.swift; sourceTree = "<group>"; };
		8D1B84D12258D72F00B34569 /* NetworkingObjects.swift */ = {isa = PBXFileReference; lastKnownFileType = sourcecode.swift; path = NetworkingObjects.swift; sourceTree = "<group>"; };
		8D1B84D42258DAF800B34569 /* MockNetworkingObjects.swift */ = {isa = PBXFileReference; lastKnownFileType = sourcecode.swift; path = MockNetworkingObjects.swift; sourceTree = "<group>"; };
		8D1B84D62258DDEB00B34569 /* NetworkingTests.swift */ = {isa = PBXFileReference; lastKnownFileType = sourcecode.swift; path = NetworkingTests.swift; sourceTree = "<group>"; };
		8D1B84D82259062400B34569 /* URLBuilder.swift */ = {isa = PBXFileReference; lastKnownFileType = sourcecode.swift; path = URLBuilder.swift; sourceTree = "<group>"; };
		8D1B84DA22590CF700B34569 /* URLBuilderTests.swift */ = {isa = PBXFileReference; lastKnownFileType = sourcecode.swift; path = URLBuilderTests.swift; sourceTree = "<group>"; };
		8D1B84DD2259189A00B34569 /* Dependencies.swift */ = {isa = PBXFileReference; lastKnownFileType = sourcecode.swift; path = Dependencies.swift; sourceTree = "<group>"; };
		8D8444392259E62900BEA6D1 /* NetworkAuthenticationManager.swift */ = {isa = PBXFileReference; lastKnownFileType = sourcecode.swift; path = NetworkAuthenticationManager.swift; sourceTree = "<group>"; };
		8D84443B2259F19300BEA6D1 /* NetworkAuthenticationManagerTests.swift */ = {isa = PBXFileReference; lastKnownFileType = sourcecode.swift; path = NetworkAuthenticationManagerTests.swift; sourceTree = "<group>"; };
		8D84443E225A01EF00BEA6D1 /* TLSValidator.h */ = {isa = PBXFileReference; lastKnownFileType = sourcecode.c.h; path = TLSValidator.h; sourceTree = "<group>"; };
		8D84443F225A01EF00BEA6D1 /* TLSValidator.m */ = {isa = PBXFileReference; lastKnownFileType = sourcecode.c.objc; path = TLSValidator.m; sourceTree = "<group>"; };
		8D844441225A02EE00BEA6D1 /* ZZDigidentity-Bridging-Header.h */ = {isa = PBXFileReference; fileEncoding = 4; lastKnownFileType = sourcecode.c.h; path = "ZZDigidentity-Bridging-Header.h"; sourceTree = "<group>"; };
		8D844442225A03D600BEA6D1 /* URLSessionCertificateValidator.swift */ = {isa = PBXFileReference; lastKnownFileType = sourcecode.swift; path = URLSessionCertificateValidator.swift; sourceTree = "<group>"; };
		8D84444C225A129900BEA6D1 /* certificate.cer */ = {isa = PBXFileReference; lastKnownFileType = file; path = certificate.cer; sourceTree = "<group>"; };
		8D84444E225A145E00BEA6D1 /* RequestManagerTests.swift */ = {isa = PBXFileReference; lastKnownFileType = sourcecode.swift; path = RequestManagerTests.swift; sourceTree = "<group>"; };
		8D844451225A392400BEA6D1 /* APIItem.swift */ = {isa = PBXFileReference; lastKnownFileType = sourcecode.swift; path = APIItem.swift; sourceTree = "<group>"; };
		8D844453225A3ED300BEA6D1 /* CatalogueScreenTableViewDelegate.swift */ = {isa = PBXFileReference; lastKnownFileType = sourcecode.swift; path = CatalogueScreenTableViewDelegate.swift; sourceTree = "<group>"; };
		8D844455225A3F3D00BEA6D1 /* CatalogueScreenDataSource.swift */ = {isa = PBXFileReference; lastKnownFileType = sourcecode.swift; path = CatalogueScreenDataSource.swift; sourceTree = "<group>"; };
		8DA8CA4A225A7C2B004DF2A5 /* CatalogueScreenViewController.storyboard */ = {isa = PBXFileReference; lastKnownFileType = file.storyboard; path = CatalogueScreenViewController.storyboard; sourceTree = "<group>"; };
		8DA8CA4C225A8B77004DF2A5 /* LoaderCell.swift */ = {isa = PBXFileReference; lastKnownFileType = sourcecode.swift; path = LoaderCell.swift; sourceTree = "<group>"; };
		8DA8CA4E225A8CCE004DF2A5 /* EndCell.swift */ = {isa = PBXFileReference; lastKnownFileType = sourcecode.swift; path = EndCell.swift; sourceTree = "<group>"; };
		8DA8CA58225A9B4D004DF2A5 /* ItemsDiskStorage.swift */ = {isa = PBXFileReference; fileEncoding = 4; lastKnownFileType = sourcecode.swift; path = ItemsDiskStorage.swift; sourceTree = "<group>"; };
		8DAAC685225BD9FA002B0289 /* ItemsDataSource.swift */ = {isa = PBXFileReference; lastKnownFileType = sourcecode.swift; name = ItemsDataSource.swift; path = "ZZDigidentity/Data Management/ItemsDataSource.swift"; sourceTree = SOURCE_ROOT; };
		B5136C33A2F8FAE804B42564 /* libPods-ZZDigidentity.a */ = {isa = PBXFileReference; explicitFileType = archive.ar; includeInIndex = 0; path = "libPods-ZZDigidentity.a"; sourceTree = BUILT_PRODUCTS_DIR; };
		BAB1C2D42B8CDE580944FF8A /* Pods-ZZDigidentity.release.xcconfig */ = {isa = PBXFileReference; includeInIndex = 1; lastKnownFileType = text.xcconfig; name = "Pods-ZZDigidentity.release.xcconfig"; path = "Target Support Files/Pods-ZZDigidentity/Pods-ZZDigidentity.release.xcconfig"; sourceTree = "<group>"; };
		CABD95CEDF7D3BFABECB788C /* Pods-ZZDigidentityTests.debug.xcconfig */ = {isa = PBXFileReference; includeInIndex = 1; lastKnownFileType = text.xcconfig; name = "Pods-ZZDigidentityTests.debug.xcconfig"; path = "Target Support Files/Pods-ZZDigidentityTests/Pods-ZZDigidentityTests.debug.xcconfig"; sourceTree = "<group>"; };
		D04755F2A8061E4AE633676A /* Pods-ZZDigidentityTests.release.xcconfig */ = {isa = PBXFileReference; includeInIndex = 1; lastKnownFileType = text.xcconfig; name = "Pods-ZZDigidentityTests.release.xcconfig"; path = "Target Support Files/Pods-ZZDigidentityTests/Pods-ZZDigidentityTests.release.xcconfig"; sourceTree = "<group>"; };
		F1BFE6D9CF5F3255D87927CC /* libPods-ZZDigidentityTests.a */ = {isa = PBXFileReference; explicitFileType = archive.ar; includeInIndex = 0; path = "libPods-ZZDigidentityTests.a"; sourceTree = BUILT_PRODUCTS_DIR; };
/* End PBXFileReference section */

/* Begin PBXFrameworksBuildPhase section */
		8D1B849D2258AD5100B34569 /* Frameworks */ = {
			isa = PBXFrameworksBuildPhase;
			buildActionMask = 2147483647;
			files = (
				56CBB164E7A24A56F8B9B90F /* libPods-ZZDigidentity.a in Frameworks */,
			);
			runOnlyForDeploymentPostprocessing = 0;
		};
		8D1B84B12258AD5300B34569 /* Frameworks */ = {
			isa = PBXFrameworksBuildPhase;
			buildActionMask = 2147483647;
			files = (
				4DB802F096A2F8F2F51D5E72 /* libPods-ZZDigidentityTests.a in Frameworks */,
			);
			runOnlyForDeploymentPostprocessing = 0;
		};
/* End PBXFrameworksBuildPhase section */

/* Begin PBXGroup section */
		6E23560B4F60FE5C6288B22B /* Frameworks */ = {
			isa = PBXGroup;
			children = (
				B5136C33A2F8FAE804B42564 /* libPods-ZZDigidentity.a */,
				F1BFE6D9CF5F3255D87927CC /* libPods-ZZDigidentityTests.a */,
			);
			name = Frameworks;
			sourceTree = "<group>";
		};
		760E3CF227880830CC8EF60F /* Pods */ = {
			isa = PBXGroup;
			children = (
				568A6255A35F5AC6D08719A7 /* Pods-ZZDigidentity.debug.xcconfig */,
				BAB1C2D42B8CDE580944FF8A /* Pods-ZZDigidentity.release.xcconfig */,
				CABD95CEDF7D3BFABECB788C /* Pods-ZZDigidentityTests.debug.xcconfig */,
				D04755F2A8061E4AE633676A /* Pods-ZZDigidentityTests.release.xcconfig */,
			);
			path = Pods;
			sourceTree = "<group>";
		};
		8D0262EA225A71AA004B605A /* Cells */ = {
			isa = PBXGroup;
			children = (
				8D0262EB225A71C9004B605A /* ItemTableViewCell.swift */,
				8DA8CA4C225A8B77004DF2A5 /* LoaderCell.swift */,
				8DA8CA4E225A8CCE004DF2A5 /* EndCell.swift */,
			);
			path = Cells;
			sourceTree = "<group>";
		};
		8D1B84972258AD5100B34569 = {
			isa = PBXGroup;
			children = (
				8D1B84A22258AD5100B34569 /* ZZDigidentity */,
				8D1B84B72258AD5300B34569 /* ZZDigidentityTests */,
				8D1B84A12258AD5100B34569 /* Products */,
				760E3CF227880830CC8EF60F /* Pods */,
				6E23560B4F60FE5C6288B22B /* Frameworks */,
			);
			sourceTree = "<group>";
		};
		8D1B84A12258AD5100B34569 /* Products */ = {
			isa = PBXGroup;
			children = (
				8D1B84A02258AD5100B34569 /* ZZDigidentity.app */,
				8D1B84B42258AD5300B34569 /* ZZDigidentityTests.xctest */,
			);
			name = Products;
			sourceTree = "<group>";
		};
		8D1B84A22258AD5100B34569 /* ZZDigidentity */ = {
			isa = PBXGroup;
			children = (
				8D1B84DC2259187D00B34569 /* Common */,
				8D1B84C82258BF2300B34569 /* Data Management */,
				8D1B84C32258B87200B34569 /* CatalogueScreen */,
				8D1B84A32258AD5100B34569 /* AppDelegate.swift */,
				8D1B84AA2258AD5300B34569 /* Assets.xcassets */,
				8D844444225A04B100BEA6D1 /* Resources */,
				8D1B84AC2258AD5300B34569 /* LaunchScreen.storyboard */,
				8D1B84AF2258AD5300B34569 /* Info.plist */,
			);
			path = ZZDigidentity;
			sourceTree = "<group>";
		};
		8D1B84B72258AD5300B34569 /* ZZDigidentityTests */ = {
			isa = PBXGroup;
			children = (
				8D1B84D32258DACF00B34569 /* Networking */,
				8D1B84B82258AD5300B34569 /* ZZDigidentityTests.swift */,
				8D1B84BA2258AD5300B34569 /* Info.plist */,
			);
			path = ZZDigidentityTests;
			sourceTree = "<group>";
		};
		8D1B84C32258B87200B34569 /* CatalogueScreen */ = {
			isa = PBXGroup;
			children = (
				8D0262EA225A71AA004B605A /* Cells */,
				8DAAC685225BD9FA002B0289 /* ItemsDataSource.swift */,
				8D844455225A3F3D00BEA6D1 /* CatalogueScreenDataSource.swift */,
				8D844453225A3ED300BEA6D1 /* CatalogueScreenTableViewDelegate.swift */,
				8D1B84C42258B8BD00B34569 /* CatalogueScreenViewController.swift */,
				8DA8CA4A225A7C2B004DF2A5 /* CatalogueScreenViewController.storyboard */,
			);
			path = CatalogueScreen;
			sourceTree = "<group>";
		};
		8D1B84C82258BF2300B34569 /* Data Management */ = {
			isa = PBXGroup;
			children = (
				8DA8CA58225A9B4D004DF2A5 /* ItemsDiskStorage.swift */,
				8D1B84C92258BF2D00B34569 /* Networking */,
			);
			path = "Data Management";
			sourceTree = "<group>";
		};
		8D1B84C92258BF2D00B34569 /* Networking */ = {
			isa = PBXGroup;
			children = (
				8D84443E225A01EF00BEA6D1 /* TLSValidator.h */,
				8D84443F225A01EF00BEA6D1 /* TLSValidator.m */,
				8D844442225A03D600BEA6D1 /* URLSessionCertificateValidator.swift */,
				8D1B84D82259062400B34569 /* URLBuilder.swift */,
				8D1B84D12258D72F00B34569 /* NetworkingObjects.swift */,
				8D8444392259E62900BEA6D1 /* NetworkAuthenticationManager.swift */,
				8D1B84CA2258BF4800B34569 /* NetworkManager.swift */,
				8D1B84CD2258D4AF00B34569 /* RequestManager.swift */,
				8D844451225A392400BEA6D1 /* APIItem.swift */,
			);
			path = Networking;
			sourceTree = "<group>";
		};
		8D1B84D32258DACF00B34569 /* Networking */ = {
			isa = PBXGroup;
			children = (
				8D1B84D42258DAF800B34569 /* MockNetworkingObjects.swift */,
				8D1B84DA22590CF700B34569 /* URLBuilderTests.swift */,
				8D84443B2259F19300BEA6D1 /* NetworkAuthenticationManagerTests.swift */,
				8D1B84D62258DDEB00B34569 /* NetworkingTests.swift */,
				8D84444E225A145E00BEA6D1 /* RequestManagerTests.swift */,
			);
			path = Networking;
			sourceTree = "<group>";
		};
		8D1B84DC2259187D00B34569 /* Common */ = {
			isa = PBXGroup;
			children = (
				8D844441225A02EE00BEA6D1 /* ZZDigidentity-Bridging-Header.h */,
				8D1B84DD2259189A00B34569 /* Dependencies.swift */,
			);
			path = Common;
			sourceTree = "<group>";
		};
		8D844444225A04B100BEA6D1 /* Resources */ = {
			isa = PBXGroup;
			children = (
				8D844445225A04BA00BEA6D1 /* Pinned Certificates */,
			);
			path = Resources;
			sourceTree = "<group>";
		};
		8D844445225A04BA00BEA6D1 /* Pinned Certificates */ = {
			isa = PBXGroup;
			children = (
				8D84444C225A129900BEA6D1 /* certificate.cer */,
			);
			path = "Pinned Certificates";
			sourceTree = "<group>";
		};
/* End PBXGroup section */

/* Begin PBXNativeTarget section */
		8D1B849F2258AD5100B34569 /* ZZDigidentity */ = {
			isa = PBXNativeTarget;
			buildConfigurationList = 8D1B84BD2258AD5300B34569 /* Build configuration list for PBXNativeTarget "ZZDigidentity" */;
			buildPhases = (
				0258579D5AF8C452B105310E /* [CP] Check Pods Manifest.lock */,
				8D1B849C2258AD5100B34569 /* Sources */,
				8D1B849D2258AD5100B34569 /* Frameworks */,
				8D1B849E2258AD5100B34569 /* Resources */,
			);
			buildRules = (
			);
			dependencies = (
			);
			name = ZZDigidentity;
			productName = ZZDigidentity;
			productReference = 8D1B84A02258AD5100B34569 /* ZZDigidentity.app */;
			productType = "com.apple.product-type.application";
		};
		8D1B84B32258AD5300B34569 /* ZZDigidentityTests */ = {
			isa = PBXNativeTarget;
			buildConfigurationList = 8D1B84C02258AD5300B34569 /* Build configuration list for PBXNativeTarget "ZZDigidentityTests" */;
			buildPhases = (
				0AFC8751E04D412C23B83638 /* [CP] Check Pods Manifest.lock */,
				8D1B84B02258AD5300B34569 /* Sources */,
				8D1B84B12258AD5300B34569 /* Frameworks */,
				8D1B84B22258AD5300B34569 /* Resources */,
			);
			buildRules = (
			);
			dependencies = (
				8D1B84B62258AD5300B34569 /* PBXTargetDependency */,
			);
			name = ZZDigidentityTests;
			productName = ZZDigidentityTests;
			productReference = 8D1B84B42258AD5300B34569 /* ZZDigidentityTests.xctest */;
			productType = "com.apple.product-type.bundle.unit-test";
		};
/* End PBXNativeTarget section */

/* Begin PBXProject section */
		8D1B84982258AD5100B34569 /* Project object */ = {
			isa = PBXProject;
			attributes = {
				LastSwiftUpdateCheck = 1010;
				LastUpgradeCheck = 1010;
				ORGANIZATIONNAME = Digidentity;
				TargetAttributes = {
					8D1B849F2258AD5100B34569 = {
						CreatedOnToolsVersion = 10.1;
						LastSwiftMigration = 1010;
					};
					8D1B84B32258AD5300B34569 = {
						CreatedOnToolsVersion = 10.1;
						TestTargetID = 8D1B849F2258AD5100B34569;
					};
				};
			};
			buildConfigurationList = 8D1B849B2258AD5100B34569 /* Build configuration list for PBXProject "ZZDigidentity" */;
			compatibilityVersion = "Xcode 9.3";
			developmentRegion = en;
			hasScannedForEncodings = 0;
			knownRegions = (
				en,
				Base,
			);
			mainGroup = 8D1B84972258AD5100B34569;
			productRefGroup = 8D1B84A12258AD5100B34569 /* Products */;
			projectDirPath = "";
			projectRoot = "";
			targets = (
				8D1B849F2258AD5100B34569 /* ZZDigidentity */,
				8D1B84B32258AD5300B34569 /* ZZDigidentityTests */,
			);
		};
/* End PBXProject section */

/* Begin PBXResourcesBuildPhase section */
		8D1B849E2258AD5100B34569 /* Resources */ = {
			isa = PBXResourcesBuildPhase;
			buildActionMask = 2147483647;
			files = (
				8D1B84AE2258AD5300B34569 /* LaunchScreen.storyboard in Resources */,
				8D1B84AB2258AD5300B34569 /* Assets.xcassets in Resources */,
				8D84444D225A129900BEA6D1 /* certificate.cer in Resources */,
				8DA8CA4B225A7C2B004DF2A5 /* CatalogueScreenViewController.storyboard in Resources */,
			);
			runOnlyForDeploymentPostprocessing = 0;
		};
		8D1B84B22258AD5300B34569 /* Resources */ = {
			isa = PBXResourcesBuildPhase;
			buildActionMask = 2147483647;
			files = (
			);
			runOnlyForDeploymentPostprocessing = 0;
		};
/* End PBXResourcesBuildPhase section */

/* Begin PBXShellScriptBuildPhase section */
		0258579D5AF8C452B105310E /* [CP] Check Pods Manifest.lock */ = {
			isa = PBXShellScriptBuildPhase;
			buildActionMask = 2147483647;
			files = (
			);
			inputFileListPaths = (
			);
			inputPaths = (
				"${PODS_PODFILE_DIR_PATH}/Podfile.lock",
				"${PODS_ROOT}/Manifest.lock",
			);
			name = "[CP] Check Pods Manifest.lock";
			outputFileListPaths = (
			);
			outputPaths = (
				"$(DERIVED_FILE_DIR)/Pods-ZZDigidentity-checkManifestLockResult.txt",
			);
			runOnlyForDeploymentPostprocessing = 0;
			shellPath = /bin/sh;
			shellScript = "diff \"${PODS_PODFILE_DIR_PATH}/Podfile.lock\" \"${PODS_ROOT}/Manifest.lock\" > /dev/null\nif [ $? != 0 ] ; then\n    # print error to STDERR\n    echo \"error: The sandbox is not in sync with the Podfile.lock. Run 'pod install' or update your CocoaPods installation.\" >&2\n    exit 1\nfi\n# This output is used by Xcode 'outputs' to avoid re-running this script phase.\necho \"SUCCESS\" > \"${SCRIPT_OUTPUT_FILE_0}\"\n";
			showEnvVarsInLog = 0;
		};
		0AFC8751E04D412C23B83638 /* [CP] Check Pods Manifest.lock */ = {
			isa = PBXShellScriptBuildPhase;
			buildActionMask = 2147483647;
			files = (
			);
			inputFileListPaths = (
			);
			inputPaths = (
				"${PODS_PODFILE_DIR_PATH}/Podfile.lock",
				"${PODS_ROOT}/Manifest.lock",
			);
			name = "[CP] Check Pods Manifest.lock";
			outputFileListPaths = (
			);
			outputPaths = (
				"$(DERIVED_FILE_DIR)/Pods-ZZDigidentityTests-checkManifestLockResult.txt",
			);
			runOnlyForDeploymentPostprocessing = 0;
			shellPath = /bin/sh;
			shellScript = "diff \"${PODS_PODFILE_DIR_PATH}/Podfile.lock\" \"${PODS_ROOT}/Manifest.lock\" > /dev/null\nif [ $? != 0 ] ; then\n    # print error to STDERR\n    echo \"error: The sandbox is not in sync with the Podfile.lock. Run 'pod install' or update your CocoaPods installation.\" >&2\n    exit 1\nfi\n# This output is used by Xcode 'outputs' to avoid re-running this script phase.\necho \"SUCCESS\" > \"${SCRIPT_OUTPUT_FILE_0}\"\n";
			showEnvVarsInLog = 0;
		};
/* End PBXShellScriptBuildPhase section */

/* Begin PBXSourcesBuildPhase section */
		8D1B849C2258AD5100B34569 /* Sources */ = {
			isa = PBXSourcesBuildPhase;
			buildActionMask = 2147483647;
			files = (
				8D1B84DE2259189A00B34569 /* Dependencies.swift in Sources */,
				8D1B84CB2258BF4800B34569 /* NetworkManager.swift in Sources */,
				8D1B84C62258B8BD00B34569 /* CatalogueScreenViewController.swift in Sources */,
				8D844456225A3F3D00BEA6D1 /* CatalogueScreenDataSource.swift in Sources */,
				8D84443A2259E62900BEA6D1 /* NetworkAuthenticationManager.swift in Sources */,
				8D1B84A42258AD5100B34569 /* AppDelegate.swift in Sources */,
				8DA8CA59225A9B4D004DF2A5 /* ItemsDiskStorage.swift in Sources */,
				8D844443225A03D600BEA6D1 /* URLSessionCertificateValidator.swift in Sources */,
				8D1B84CE2258D4AF00B34569 /* RequestManager.swift in Sources */,
				8DAAC686225BD9FA002B0289 /* ItemsDataSource.swift in Sources */,
				8DA8CA4D225A8B77004DF2A5 /* LoaderCell.swift in Sources */,
				8D1B84D22258D72F00B34569 /* NetworkingObjects.swift in Sources */,
				8D844454225A3ED300BEA6D1 /* CatalogueScreenTableViewDelegate.swift in Sources */,
				8D1B84D92259062400B34569 /* URLBuilder.swift in Sources */,
				8D844440225A01EF00BEA6D1 /* TLSValidator.m in Sources */,
				8D0262ED225A71C9004B605A /* ItemTableViewCell.swift in Sources */,
				8D844452225A392400BEA6D1 /* APIItem.swift in Sources */,
				8DA8CA4F225A8CCE004DF2A5 /* EndCell.swift in Sources */,
			);
			runOnlyForDeploymentPostprocessing = 0;
		};
		8D1B84B02258AD5300B34569 /* Sources */ = {
			isa = PBXSourcesBuildPhase;
			buildActionMask = 2147483647;
			files = (
				8D1B84D52258DAF800B34569 /* MockNetworkingObjects.swift in Sources */,
				8D1B84DB22590CF700B34569 /* URLBuilderTests.swift in Sources */,
				8D1B84D72258DDEB00B34569 /* NetworkingTests.swift in Sources */,
				8D1B84B92258AD5300B34569 /* ZZDigidentityTests.swift in Sources */,
				8D84443C2259F19300BEA6D1 /* NetworkAuthenticationManagerTests.swift in Sources */,
				8D84444F225A145E00BEA6D1 /* RequestManagerTests.swift in Sources */,
			);
			runOnlyForDeploymentPostprocessing = 0;
		};
/* End PBXSourcesBuildPhase section */

/* Begin PBXTargetDependency section */
		8D1B84B62258AD5300B34569 /* PBXTargetDependency */ = {
			isa = PBXTargetDependency;
			target = 8D1B849F2258AD5100B34569 /* ZZDigidentity */;
			targetProxy = 8D1B84B52258AD5300B34569 /* PBXContainerItemProxy */;
		};
/* End PBXTargetDependency section */

/* Begin PBXVariantGroup section */
		8D1B84AC2258AD5300B34569 /* LaunchScreen.storyboard */ = {
			isa = PBXVariantGroup;
			children = (
				8D1B84AD2258AD5300B34569 /* Base */,
			);
			name = LaunchScreen.storyboard;
			sourceTree = "<group>";
		};
/* End PBXVariantGroup section */

/* Begin XCBuildConfiguration section */
		8D1B84BB2258AD5300B34569 /* Debug */ = {
			isa = XCBuildConfiguration;
			buildSettings = {
				ALWAYS_SEARCH_USER_PATHS = NO;
				CLANG_ANALYZER_NONNULL = YES;
				CLANG_ANALYZER_NUMBER_OBJECT_CONVERSION = YES_AGGRESSIVE;
				CLANG_CXX_LANGUAGE_STANDARD = "gnu++14";
				CLANG_CXX_LIBRARY = "libc++";
				CLANG_ENABLE_MODULES = YES;
				CLANG_ENABLE_OBJC_ARC = YES;
				CLANG_ENABLE_OBJC_WEAK = YES;
				CLANG_WARN_BLOCK_CAPTURE_AUTORELEASING = YES;
				CLANG_WARN_BOOL_CONVERSION = YES;
				CLANG_WARN_COMMA = YES;
				CLANG_WARN_CONSTANT_CONVERSION = YES;
				CLANG_WARN_DEPRECATED_OBJC_IMPLEMENTATIONS = YES;
				CLANG_WARN_DIRECT_OBJC_ISA_USAGE = YES_ERROR;
				CLANG_WARN_DOCUMENTATION_COMMENTS = YES;
				CLANG_WARN_EMPTY_BODY = YES;
				CLANG_WARN_ENUM_CONVERSION = YES;
				CLANG_WARN_INFINITE_RECURSION = YES;
				CLANG_WARN_INT_CONVERSION = YES;
				CLANG_WARN_NON_LITERAL_NULL_CONVERSION = YES;
				CLANG_WARN_OBJC_IMPLICIT_RETAIN_SELF = YES;
				CLANG_WARN_OBJC_LITERAL_CONVERSION = YES;
				CLANG_WARN_OBJC_ROOT_CLASS = YES_ERROR;
				CLANG_WARN_RANGE_LOOP_ANALYSIS = YES;
				CLANG_WARN_STRICT_PROTOTYPES = YES;
				CLANG_WARN_SUSPICIOUS_MOVE = YES;
				CLANG_WARN_UNGUARDED_AVAILABILITY = YES_AGGRESSIVE;
				CLANG_WARN_UNREACHABLE_CODE = YES;
				CLANG_WARN__DUPLICATE_METHOD_MATCH = YES;
				CODE_SIGN_IDENTITY = "iPhone Developer";
				COPY_PHASE_STRIP = NO;
				DEBUG_INFORMATION_FORMAT = dwarf;
				ENABLE_STRICT_OBJC_MSGSEND = YES;
				ENABLE_TESTABILITY = YES;
				GCC_C_LANGUAGE_STANDARD = gnu11;
				GCC_DYNAMIC_NO_PIC = NO;
				GCC_NO_COMMON_BLOCKS = YES;
				GCC_OPTIMIZATION_LEVEL = 0;
				GCC_PREPROCESSOR_DEFINITIONS = (
					"DEBUG=1",
					"$(inherited)",
				);
				GCC_WARN_64_TO_32_BIT_CONVERSION = YES;
				GCC_WARN_ABOUT_RETURN_TYPE = YES_ERROR;
				GCC_WARN_UNDECLARED_SELECTOR = YES;
				GCC_WARN_UNINITIALIZED_AUTOS = YES_AGGRESSIVE;
				GCC_WARN_UNUSED_FUNCTION = YES;
				GCC_WARN_UNUSED_VARIABLE = YES;
				IPHONEOS_DEPLOYMENT_TARGET = 12.1;
				MTL_ENABLE_DEBUG_INFO = INCLUDE_SOURCE;
				MTL_FAST_MATH = YES;
				ONLY_ACTIVE_ARCH = YES;
				SDKROOT = iphoneos;
				SWIFT_ACTIVE_COMPILATION_CONDITIONS = DEBUG;
				SWIFT_OPTIMIZATION_LEVEL = "-Onone";
			};
			name = Debug;
		};
		8D1B84BC2258AD5300B34569 /* Release */ = {
			isa = XCBuildConfiguration;
			buildSettings = {
				ALWAYS_SEARCH_USER_PATHS = NO;
				CLANG_ANALYZER_NONNULL = YES;
				CLANG_ANALYZER_NUMBER_OBJECT_CONVERSION = YES_AGGRESSIVE;
				CLANG_CXX_LANGUAGE_STANDARD = "gnu++14";
				CLANG_CXX_LIBRARY = "libc++";
				CLANG_ENABLE_MODULES = YES;
				CLANG_ENABLE_OBJC_ARC = YES;
				CLANG_ENABLE_OBJC_WEAK = YES;
				CLANG_WARN_BLOCK_CAPTURE_AUTORELEASING = YES;
				CLANG_WARN_BOOL_CONVERSION = YES;
				CLANG_WARN_COMMA = YES;
				CLANG_WARN_CONSTANT_CONVERSION = YES;
				CLANG_WARN_DEPRECATED_OBJC_IMPLEMENTATIONS = YES;
				CLANG_WARN_DIRECT_OBJC_ISA_USAGE = YES_ERROR;
				CLANG_WARN_DOCUMENTATION_COMMENTS = YES;
				CLANG_WARN_EMPTY_BODY = YES;
				CLANG_WARN_ENUM_CONVERSION = YES;
				CLANG_WARN_INFINITE_RECURSION = YES;
				CLANG_WARN_INT_CONVERSION = YES;
				CLANG_WARN_NON_LITERAL_NULL_CONVERSION = YES;
				CLANG_WARN_OBJC_IMPLICIT_RETAIN_SELF = YES;
				CLANG_WARN_OBJC_LITERAL_CONVERSION = YES;
				CLANG_WARN_OBJC_ROOT_CLASS = YES_ERROR;
				CLANG_WARN_RANGE_LOOP_ANALYSIS = YES;
				CLANG_WARN_STRICT_PROTOTYPES = YES;
				CLANG_WARN_SUSPICIOUS_MOVE = YES;
				CLANG_WARN_UNGUARDED_AVAILABILITY = YES_AGGRESSIVE;
				CLANG_WARN_UNREACHABLE_CODE = YES;
				CLANG_WARN__DUPLICATE_METHOD_MATCH = YES;
				CODE_SIGN_IDENTITY = "iPhone Developer";
				COPY_PHASE_STRIP = NO;
				DEBUG_INFORMATION_FORMAT = "dwarf-with-dsym";
				ENABLE_NS_ASSERTIONS = NO;
				ENABLE_STRICT_OBJC_MSGSEND = YES;
				GCC_C_LANGUAGE_STANDARD = gnu11;
				GCC_NO_COMMON_BLOCKS = YES;
				GCC_WARN_64_TO_32_BIT_CONVERSION = YES;
				GCC_WARN_ABOUT_RETURN_TYPE = YES_ERROR;
				GCC_WARN_UNDECLARED_SELECTOR = YES;
				GCC_WARN_UNINITIALIZED_AUTOS = YES_AGGRESSIVE;
				GCC_WARN_UNUSED_FUNCTION = YES;
				GCC_WARN_UNUSED_VARIABLE = YES;
				IPHONEOS_DEPLOYMENT_TARGET = 12.1;
				MTL_ENABLE_DEBUG_INFO = NO;
				MTL_FAST_MATH = YES;
				SDKROOT = iphoneos;
				SWIFT_COMPILATION_MODE = wholemodule;
				SWIFT_OPTIMIZATION_LEVEL = "-O";
				VALIDATE_PRODUCT = YES;
			};
			name = Release;
		};
		8D1B84BE2258AD5300B34569 /* Debug */ = {
			isa = XCBuildConfiguration;
			baseConfigurationReference = 568A6255A35F5AC6D08719A7 /* Pods-ZZDigidentity.debug.xcconfig */;
			buildSettings = {
				ASSETCATALOG_COMPILER_APPICON_NAME = AppIcon;
				CLANG_ENABLE_MODULES = YES;
				CODE_SIGN_STYLE = Automatic;
				DEVELOPMENT_TEAM = 65EXBPBN65;
				INFOPLIST_FILE = ZZDigidentity/Info.plist;
				LD_RUNPATH_SEARCH_PATHS = (
					"$(inherited)",
					"@executable_path/Frameworks",
				);
				PRODUCT_BUNDLE_IDENTIFIER = zz.digidentity.ZZDigidentity;
				PRODUCT_NAME = "$(TARGET_NAME)";
				SWIFT_OBJC_BRIDGING_HEADER = "ZZDigidentity/Common/ZZDigidentity-Bridging-Header.h";
				SWIFT_OPTIMIZATION_LEVEL = "-Onone";
				SWIFT_VERSION = 4.2;
				TARGETED_DEVICE_FAMILY = "1,2";
			};
			name = Debug;
		};
		8D1B84BF2258AD5300B34569 /* Release */ = {
			isa = XCBuildConfiguration;
			baseConfigurationReference = BAB1C2D42B8CDE580944FF8A /* Pods-ZZDigidentity.release.xcconfig */;
			buildSettings = {
				ASSETCATALOG_COMPILER_APPICON_NAME = AppIcon;
				CLANG_ENABLE_MODULES = YES;
				CODE_SIGN_STYLE = Automatic;
				DEVELOPMENT_TEAM = 65EXBPBN65;
				INFOPLIST_FILE = ZZDigidentity/Info.plist;
				LD_RUNPATH_SEARCH_PATHS = (
					"$(inherited)",
					"@executable_path/Frameworks",
				);
				PRODUCT_BUNDLE_IDENTIFIER = zz.digidentity.ZZDigidentity;
				PRODUCT_NAME = "$(TARGET_NAME)";
				SWIFT_OBJC_BRIDGING_HEADER = "ZZDigidentity/Common/ZZDigidentity-Bridging-Header.h";
				SWIFT_VERSION = 4.2;
				TARGETED_DEVICE_FAMILY = "1,2";
			};
			name = Release;
		};
		8D1B84C12258AD5300B34569 /* Debug */ = {
			isa = XCBuildConfiguration;
			baseConfigurationReference = CABD95CEDF7D3BFABECB788C /* Pods-ZZDigidentityTests.debug.xcconfig */;
			buildSettings = {
				ALWAYS_EMBED_SWIFT_STANDARD_LIBRARIES = YES;
				BUNDLE_LOADER = "$(TEST_HOST)";
				CODE_SIGN_STYLE = Automatic;
				DEVELOPMENT_TEAM = 65EXBPBN65;
				INFOPLIST_FILE = ZZDigidentityTests/Info.plist;
				LD_RUNPATH_SEARCH_PATHS = (
					"$(inherited)",
					"@executable_path/Frameworks",
					"@loader_path/Frameworks",
				);
				PRODUCT_BUNDLE_IDENTIFIER = zz.digidentity.ZZDigidentityTests;
				PRODUCT_NAME = "$(TARGET_NAME)";
				SWIFT_VERSION = 4.2;
				TARGETED_DEVICE_FAMILY = "1,2";
				TEST_HOST = "$(BUILT_PRODUCTS_DIR)/ZZDigidentity.app/ZZDigidentity";
			};
			name = Debug;
		};
		8D1B84C22258AD5300B34569 /* Release */ = {
			isa = XCBuildConfiguration;
			baseConfigurationReference = D04755F2A8061E4AE633676A /* Pods-ZZDigidentityTests.release.xcconfig */;
			buildSettings = {
				ALWAYS_EMBED_SWIFT_STANDARD_LIBRARIES = YES;
				BUNDLE_LOADER = "$(TEST_HOST)";
				CODE_SIGN_STYLE = Automatic;
				DEVELOPMENT_TEAM = 65EXBPBN65;
				INFOPLIST_FILE = ZZDigidentityTests/Info.plist;
				LD_RUNPATH_SEARCH_PATHS = (
					"$(inherited)",
					"@executable_path/Frameworks",
					"@loader_path/Frameworks",
				);
				PRODUCT_BUNDLE_IDENTIFIER = zz.digidentity.ZZDigidentityTests;
				PRODUCT_NAME = "$(TARGET_NAME)";
				SWIFT_VERSION = 4.2;
				TARGETED_DEVICE_FAMILY = "1,2";
				TEST_HOST = "$(BUILT_PRODUCTS_DIR)/ZZDigidentity.app/ZZDigidentity";
			};
			name = Release;
		};
/* End XCBuildConfiguration section */

/* Begin XCConfigurationList section */
		8D1B849B2258AD5100B34569 /* Build configuration list for PBXProject "ZZDigidentity" */ = {
			isa = XCConfigurationList;
			buildConfigurations = (
				8D1B84BB2258AD5300B34569 /* Debug */,
				8D1B84BC2258AD5300B34569 /* Release */,
			);
			defaultConfigurationIsVisible = 0;
			defaultConfigurationName = Release;
		};
		8D1B84BD2258AD5300B34569 /* Build configuration list for PBXNativeTarget "ZZDigidentity" */ = {
			isa = XCConfigurationList;
			buildConfigurations = (
				8D1B84BE2258AD5300B34569 /* Debug */,
				8D1B84BF2258AD5300B34569 /* Release */,
			);
			defaultConfigurationIsVisible = 0;
			defaultConfigurationName = Release;
		};
		8D1B84C02258AD5300B34569 /* Build configuration list for PBXNativeTarget "ZZDigidentityTests" */ = {
			isa = XCConfigurationList;
			buildConfigurations = (
				8D1B84C12258AD5300B34569 /* Debug */,
				8D1B84C22258AD5300B34569 /* Release */,
			);
			defaultConfigurationIsVisible = 0;
			defaultConfigurationName = Release;
		};
/* End XCConfigurationList section */
	};
	rootObject = 8D1B84982258AD5100B34569 /* Project object */;
}
